
Microsoft Visual Studio Solution File, Format Version 12.00
Project("{FAE04EC0-301F-11D3-BF4B-00C04F79EFBC}") = "MauiAppToDo", "MauiAppToDo\MauiAppToDo.csproj", "{AE188BA8-A795-4D32-8CA3-935612E7F65A}"
EndProject
Global
	GlobalSection(SolutionConfigurationPlatforms) = preSolution
		Debug|Any CPU = Debug|Any CPU
		Release|Any CPU = Release|Any CPU
	EndGlobalSection
	GlobalSection(ProjectConfigurationPlatforms) = postSolution
		{AE188BA8-A795-4D32-8CA3-935612E7F65A}.Debug|Any CPU.ActiveCfg = Debug|Any CPU
		{AE188BA8-A795-4D32-8CA3-935612E7F65A}.Debug|Any CPU.Build.0 = Debug|Any CPU
		{AE188BA8-A795-4D32-8CA3-935612E7F65A}.Release|Any CPU.ActiveCfg = Release|Any CPU
		{AE188BA8-A795-4D32-8CA3-935612E7F65A}.Release|Any CPU.Build.0 = Release|Any CPU
	EndGlobalSection
EndGlobal
